{
  "version": "5",
  "specifiers": {
    "jsr:@hono/hono@^4.13.13": "4.13.13",
    "jsr:@std/assert@^1.0.19": "1.0.19",
    "jsr:@std/internal@^1.0.12": "1.0.14",
    "npm:hash-wasm@^4.12.0": "4.12.0",
    "npm:postgres@^3.4.9": "3.4.9"
  },
  "jsr": {
    "@hono/hono@4.13.13": {
      "integrity": "dec817b8600fc2835c259d875a69e849a706f6d25e8d0643d75c97f7d0afcdf8"
    },
    "@std/assert@1.0.19": {
      "integrity": "eaada96ee120cb980bc47e040f82814d786fe8162ecc53c91d8df60b8755991e",
      "dependencies": [
        "jsr:@std/internal"
      ]
    },
    "@std/internal@1.0.14": {
      "integrity": "291516b3d4c35024d6ffbc0a9df5bf4c64116e05b50012cf846710152d2ffdf7"
    }
  },
  "npm": {
    "hash-wasm@4.12.0": {
      "integrity": "sha512-+/2B2rYLb48I/evdOIhP+K/DD2ca2fgBjp6O+GBEnCDk2e4rpeXIK8GvIyRPjTezgmWn9gmKwkQjjx6BtqDHVQ=="
    },
    "postgres@3.4.9": {
      "integrity": "sha512-GD3qdB0x1z9xgFI6cdRD6xu2Sp2WCOEoe3mtnyB5Ee0XrrL5Pe+e4CCnJrRMnL1zYtRDZmQQVbvOttLnKDLnaw=="
    }
  },
  "workspace": {
    "dependencies": [
      "jsr:@hono/hono@^4.13.13",
      "jsr:@std/assert@^1.0.19",
      "jsr:@std/testing@^1.0.21",
      "npm:hash-wasm@^4.12.0",
      "npm:postgres@^3.4.9"
    ]
  }
}
